{
  "name": "greenfleet",
  "version": "0.1.0",
  "lockfileVersion": 1,
  "requires": true,
  "dependencies": {
    "react-confirm-alert": {
      "version": "2.0.2",
      "resolved": "https://registry.npmjs.org/react-confirm-alert/-/react-confirm-alert-2.0.2.tgz",
      "integrity": "sha1-hpHU8bEJ4LdAIv5NQs4Lf5hdGaU="
    }
  }
}
